
Microsoft Visual Studio Solution File, Format Version 12.00
# Visual Studio Version 16
VisualStudioVersion = 16.0.30320.27
MinimumVisualStudioVersion = 10.0.40219.1
Project("{FAE04EC0-301F-11D3-BF4B-00C04F79EFBC}") = "StateCinemas", "StateCinemas.csproj", "{97C5A2A3-BE41-45CB-B4EF-80D3B023E458}"
EndProject
Project("{FAE04EC0-301F-11D3-BF4B-00C04F79EFBC}") = "StateCinemas.tests", "..\StateCinemas.tests\StateCinemas.tests.csproj", "{0539FAD4-347C-4DB3-9EBA-8EE36AED4249}"
EndProject
Global
	GlobalSection(SolutionConfigurationPlatforms) = preSolution
		Debug|Any CPU = Debug|Any CPU
		Release|Any CPU = Release|Any CPU
	EndGlobalSection
	GlobalSection(ProjectConfigurationPlatforms) = postSolution
		{97C5A2A3-BE41-45CB-B4EF-80D3B023E458}.Debug|Any CPU.ActiveCfg = Debug|Any CPU
		{97C5A2A3-BE41-45CB-B4EF-80D3B023E458}.Debug|Any CPU.Build.0 = Debug|Any CPU
		{97C5A2A3-BE41-45CB-B4EF-80D3B023E458}.Release|Any CPU.ActiveCfg = Release|Any CPU
		{97C5A2A3-BE41-45CB-B4EF-80D3B023E458}.Release|Any CPU.Build.0 = Release|Any CPU
		{0539FAD4-347C-4DB3-9EBA-8EE36AED4249}.Debug|Any CPU.ActiveCfg = Debug|Any CPU
		{0539FAD4-347C-4DB3-9EBA-8EE36AED4249}.Debug|Any CPU.Build.0 = Debug|Any CPU
		{0539FAD4-347C-4DB3-9EBA-8EE36AED4249}.Release|Any CPU.ActiveCfg = Release|Any CPU
		{0539FAD4-347C-4DB3-9EBA-8EE36AED4249}.Release|Any CPU.Build.0 = Release|Any CPU
	EndGlobalSection
	GlobalSection(SolutionProperties) = preSolution
		HideSolutionNode = FALSE
	EndGlobalSection
	GlobalSection(ExtensibilityGlobals) = postSolution
		SolutionGuid = {8E9F2148-F0D7-48F6-91D8-F9ECC3CF3612}
	EndGlobalSection
EndGlobal
